
Microsoft Visual Studio Solution File, Format Version 12.00
# Visual Studio Version 17
VisualStudioVersion = 17.14.37111.16 d17.14
MinimumVisualStudioVersion = 10.0.40219.1
Project("{FAE04EC0-301F-11D3-BF4B-00C04F79EFBC}") = "BlazorWebApp", "BlazorWebApp\BlazorWebApp.csproj", "{386A215C-1D6E-46EE-ABF4-0BA740B88832}"
	ProjectSection(ProjectDependencies) = postProject
		{40599E56-2765-D163-476C-332ECA974BD6} = {40599E56-2765-D163-476C-332ECA974BD6}
	EndProjectSection
EndProject
Project("{FAE04EC0-301F-11D3-BF4B-00C04F79EFBC}") = "ApplicationLayer", "..\..\..\OG_Blazor-App\ApplicationLayer\ApplicationLayer.csproj", "{40599E56-2765-D163-476C-332ECA974BD6}"
EndProject
Project("{FAE04EC0-301F-11D3-BF4B-00C04F79EFBC}") = "DomainLayer", "..\..\..\OG_Blazor-App\DomainLayer\DomainLayer.csproj", "{8FC1B3A8-642D-46CD-7E4A-075273C7A73D}"
EndProject
Global
	GlobalSection(SolutionConfigurationPlatforms) = preSolution
		Debug|Any CPU = Debug|Any CPU
		Release|Any CPU = Release|Any CPU
	EndGlobalSection
	GlobalSection(ProjectConfigurationPlatforms) = postSolution
		{386A215C-1D6E-46EE-ABF4-0BA740B88832}.Debug|Any CPU.ActiveCfg = Debug|Any CPU
		{386A215C-1D6E-46EE-ABF4-0BA740B88832}.Debug|Any CPU.Build.0 = Debug|Any CPU
		{386A215C-1D6E-46EE-ABF4-0BA740B88832}.Release|Any CPU.ActiveCfg = Release|Any CPU
		{386A215C-1D6E-46EE-ABF4-0BA740B88832}.Release|Any CPU.Build.0 = Release|Any CPU
		{40599E56-2765-D163-476C-332ECA974BD6}.Debug|Any CPU.ActiveCfg = Debug|Any CPU
		{40599E56-2765-D163-476C-332ECA974BD6}.Debug|Any CPU.Build.0 = Debug|Any CPU
		{40599E56-2765-D163-476C-332ECA974BD6}.Release|Any CPU.ActiveCfg = Release|Any CPU
		{40599E56-2765-D163-476C-332ECA974BD6}.Release|Any CPU.Build.0 = Release|Any CPU
		{8FC1B3A8-642D-46CD-7E4A-075273C7A73D}.Debug|Any CPU.ActiveCfg = Debug|Any CPU
		{8FC1B3A8-642D-46CD-7E4A-075273C7A73D}.Debug|Any CPU.Build.0 = Debug|Any CPU
		{8FC1B3A8-642D-46CD-7E4A-075273C7A73D}.Release|Any CPU.ActiveCfg = Release|Any CPU
		{8FC1B3A8-642D-46CD-7E4A-075273C7A73D}.Release|Any CPU.Build.0 = Release|Any CPU
	EndGlobalSection
	GlobalSection(SolutionProperties) = preSolution
		HideSolutionNode = FALSE
	EndGlobalSection
	GlobalSection(ExtensibilityGlobals) = postSolution
		SolutionGuid = {6AF2F36D-BD64-408E-BB0F-5A49C809797D}
	EndGlobalSection
EndGlobal
